
Microsoft Visual Studio Solution File, Format Version 12.00
# Visual Studio 15
VisualStudioVersion = 15.0.28307.572
MinimumVisualStudioVersion = 10.0.40219.1
Project("{FAE04EC0-301F-11D3-BF4B-00C04F79EFBC}") = "Projeto_Desktop", "Projeto_Desktop\Projeto_Desktop.csproj", "{EC733E96-1743-4BD3-9CC0-4319ED424D36}"
EndProject
Global
	GlobalSection(SolutionConfigurationPlatforms) = preSolution
		Debug|Any CPU = Debug|Any CPU
		Release|Any CPU = Release|Any CPU
	EndGlobalSection
	GlobalSection(ProjectConfigurationPlatforms) = postSolution
		{EC733E96-1743-4BD3-9CC0-4319ED424D36}.Debug|Any CPU.ActiveCfg = Debug|Any CPU
		{EC733E96-1743-4BD3-9CC0-4319ED424D36}.Debug|Any CPU.Build.0 = Debug|Any CPU
		{EC733E96-1743-4BD3-9CC0-4319ED424D36}.Release|Any CPU.ActiveCfg = Release|Any CPU
		{EC733E96-1743-4BD3-9CC0-4319ED424D36}.Release|Any CPU.Build.0 = Release|Any CPU
	EndGlobalSection
	GlobalSection(SolutionProperties) = preSolution
		HideSolutionNode = FALSE
	EndGlobalSection
	GlobalSection(ExtensibilityGlobals) = postSolution
		SolutionGuid = {90B61805-4EC9-4A99-A1B5-BECB1CDB4D33}
	EndGlobalSection
EndGlobal
